
Microsoft Visual Studio Solution File, Format Version 12.00
# Visual Studio Version 17
VisualStudioVersion = 17.14.36221.1 d17.14
MinimumVisualStudioVersion = 10.0.40219.1
Project("{FAE04EC0-301F-11D3-BF4B-00C04F79EFBC}") = "WithoutRefactoring", "WithoutRefactoring\WithoutRefactoring.csproj", "{7FDAE3F8-0AFC-459B-85B2-E3200053AF9C}"
EndProject
Global
	GlobalSection(SolutionConfigurationPlatforms) = preSolution
		Debug|Any CPU = Debug|Any CPU
		Release|Any CPU = Release|Any CPU
	EndGlobalSection
	GlobalSection(ProjectConfigurationPlatforms) = postSolution
		{7FDAE3F8-0AFC-459B-85B2-E3200053AF9C}.Debug|Any CPU.ActiveCfg = Debug|Any CPU
		{7FDAE3F8-0AFC-459B-85B2-E3200053AF9C}.Debug|Any CPU.Build.0 = Debug|Any CPU
		{7FDAE3F8-0AFC-459B-85B2-E3200053AF9C}.Release|Any CPU.ActiveCfg = Release|Any CPU
		{7FDAE3F8-0AFC-459B-85B2-E3200053AF9C}.Release|Any CPU.Build.0 = Release|Any CPU
	EndGlobalSection
	GlobalSection(SolutionProperties) = preSolution
		HideSolutionNode = FALSE
	EndGlobalSection
	GlobalSection(ExtensibilityGlobals) = postSolution
		SolutionGuid = {7F94DCF9-84D4-48A8-BFB5-7BD47F67B9BE}
	EndGlobalSection
EndGlobal
